{
  "name": "cs-nand2tetris",
  "version": "1.0.0",
  "lockfileVersion": 1,
  "requires": true,
  "dependencies": {
    "@types/node": {
      "version": "12.6.9",
      "resolved": "https://registry.npmjs.org/@types/node/-/node-12.6.9.tgz",
      "integrity": "sha512-+YB9FtyxXGyD54p8rXwWaN1EWEyar5L58GlGWgtH2I9rGmLGBQcw63+0jw+ujqVavNuO47S1ByAjm9zdHMnskw=="
    }
  }
}
