{
  "requires": true,
  "lockfileVersion": 1,
  "dependencies": {
    "@types/node": {
      "version": "12.6.8",
      "resolved": "https://registry.npmjs.org/@types/node/-/node-12.6.8.tgz",
      "integrity": "sha512-aX+gFgA5GHcDi89KG5keey2zf0WfZk/HAQotEamsK2kbey+8yGKcson0hbK8E+v0NArlCJQCqMP161YhV6ZXLg=="
    }
  }
}
